
Microsoft Visual Studio Solution File, Format Version 12.00
# Visual Studio 15
Project("{FAE04EC0-301F-11D3-BF4B-00C04F79EFBC}") = "Assembly-CSharp", "Assembly-CSharp.csproj", "{2EFD2477-A1F6-0855-5E83-3D2FC9549C0D}"
EndProject
Project("{FAE04EC0-301F-11D3-BF4B-00C04F79EFBC}") = "Assembly-CSharp-Editor", "Assembly-CSharp-Editor.csproj", "{A29CC81D-E3E7-C9EE-08F2-C33BD9535745}"
EndProject
Global
	GlobalSection(SolutionConfigurationPlatforms) = preSolution
		Debug|Any CPU = Debug|Any CPU
		Release|Any CPU = Release|Any CPU
	EndGlobalSection
	GlobalSection(ProjectConfigurationPlatforms) = postSolution
		{2EFD2477-A1F6-0855-5E83-3D2FC9549C0D}.Debug|Any CPU.ActiveCfg = Debug|Any CPU
		{2EFD2477-A1F6-0855-5E83-3D2FC9549C0D}.Debug|Any CPU.Build.0 = Debug|Any CPU
		{2EFD2477-A1F6-0855-5E83-3D2FC9549C0D}.Release|Any CPU.ActiveCfg = Release|Any CPU
		{2EFD2477-A1F6-0855-5E83-3D2FC9549C0D}.Release|Any CPU.Build.0 = Release|Any CPU
		{A29CC81D-E3E7-C9EE-08F2-C33BD9535745}.Debug|Any CPU.ActiveCfg = Debug|Any CPU
		{A29CC81D-E3E7-C9EE-08F2-C33BD9535745}.Debug|Any CPU.Build.0 = Debug|Any CPU
		{A29CC81D-E3E7-C9EE-08F2-C33BD9535745}.Release|Any CPU.ActiveCfg = Release|Any CPU
		{A29CC81D-E3E7-C9EE-08F2-C33BD9535745}.Release|Any CPU.Build.0 = Release|Any CPU
	EndGlobalSection
	GlobalSection(SolutionProperties) = preSolution
		HideSolutionNode = FALSE
	EndGlobalSection
EndGlobal
